{
  "originHash" : "fbdec518f66720abc9cceef1ea36ee3229c4faa09fdcfd36f45e77839c989f98",
  "pins" : [
    {
      "identity" : "purchases-ios",
      "kind" : "remoteSourceControl",
      "location" : "https://github.com/RevenueCat/purchases-ios",
      "state" : {
        "revision" : "55be6e0f83d897156e000ab58033284e51cbc6cf",
        "version" : "5.25.2"
      }
    }
  ],
  "version" : 3
}
