// !$*UTF8*$!
{
	archiveVersion = 1;
	classes = {
	};
	objectVersion = 77;
	objects = {

/* Begin PBXContainerItemProxy section */
		CEC2C77C2DB1517C0043FAEB /* PBXContainerItemProxy */ = {
			isa = PBXContainerItemProxy;
			containerPortal = CEC2C75C2DB1517B0043FAEB /* Project object */;
			proxyType = 1;
			remoteGlobalIDString = CEC2C7632DB1517B0043FAEB;
			remoteInfo = SommLens;
		};
		CEC2C7862DB1517C0043FAEB /* PBXContainerItemProxy */ = {
			isa = PBXContainerItemProxy;
			containerPortal = CEC2C75C2DB1517B0043FAEB /* Project object */;
			proxyType = 1;
			remoteGlobalIDString = CEC2C7632DB1517B0043FAEB;
			remoteInfo = SommLens;
		};
/* End PBXContainerItemProxy section */

/* Begin PBXFileReference section */
		CEC2C8152DB95BFF0043FAEB /* SommLens.app */ = {isa = PBXFileReference; explicitFileType = wrapper.application; includeInIndex = 0; path = SommLens.app; sourceTree = BUILT_PRODUCTS_DIR; };
		CEC2C8162DB95BFF0043FAEB /* SommLensTests.xctest */ = {isa = PBXFileReference; explicitFileType = wrapper.cfbundle; includeInIndex = 0; path = SommLensTests.xctest; sourceTree = BUILT_PRODUCTS_DIR; };
		CEC2C8172DB95BFF0043FAEB /* SommLensUITests.xctest */ = {isa = PBXFileReference; explicitFileType = wrapper.cfbundle; includeInIndex = 0; path = SommLensUITests.xctest; sourceTree = BUILT_PRODUCTS_DIR; };
/* End PBXFileReference section */

/* Begin PBXFileSystemSynchronizedBuildFileExceptionSet section */
		CE25B36E2DE68E5200F0F7EA /* Exceptions for "SommLens" folder in "SommLens" target */ = {
			isa = PBXFileSystemSynchronizedBuildFileExceptionSet;
			membershipExceptions = (
				AITastingProfile.swift,
				Assets.xcassets,
				ImagePreprocessor.swift,
				IntensityEnum.swift,
				OpenAIManager.swift,
				Persistence.swift,
				SommLensApp.swift,
				TastingInput.swift,
				TastingSession.swift,
				"UIImage+Resize.swift",
				Wave.swift,
				WineData.swift,
				WineDescriptors.swift,
			);
			target = CEC2C7632DB1517B0043FAEB /* SommLens */;
		};
/* End PBXFileSystemSynchronizedBuildFileExceptionSet section */

/* Begin PBXFileSystemSynchronizedRootGroup section */
		CE25B36B2DE68D9500F0F7EA /* SommLens */ = {
			isa = PBXFileSystemSynchronizedRootGroup;
			exceptions = (
				CE25B36E2DE68E5200F0F7EA /* Exceptions for "SommLens" folder in "SommLens" target */,
			);
			path = SommLens;
			sourceTree = "<group>";
		};
		CEC2C77E2DB1517C0043FAEB /* SommLensTests */ = {
			isa = PBXFileSystemSynchronizedRootGroup;
			path = SommLensTests;
			sourceTree = "<group>";
		};
		CEC2C7882DB1517C0043FAEB /* SommLensUITests */ = {
			isa = PBXFileSystemSynchronizedRootGroup;
			path = SommLensUITests;
			sourceTree = "<group>";
		};
/* End PBXFileSystemSynchronizedRootGroup section */

/* Begin PBXFrameworksBuildPhase section */
		CEC2C7612DB1517B0043FAEB /* Frameworks */ = {
			isa = PBXFrameworksBuildPhase;
			buildActionMask = 2147483647;
			files = (
			);
			runOnlyForDeploymentPostprocessing = 0;
		};
		CEC2C7782DB1517C0043FAEB /* Frameworks */ = {
			isa = PBXFrameworksBuildPhase;
			buildActionMask = 2147483647;
			files = (
			);
			runOnlyForDeploymentPostprocessing = 0;
		};
		CEC2C7822DB1517C0043FAEB /* Frameworks */ = {
			isa = PBXFrameworksBuildPhase;
			buildActionMask = 2147483647;
			files = (
			);
			runOnlyForDeploymentPostprocessing = 0;
		};
/* End PBXFrameworksBuildPhase section */

/* Begin PBXGroup section */
		09A9EA84C4CE08A1BC57F44E /* Frameworks */ = {
			isa = PBXGroup;
			children = (
			);
			name = Frameworks;
			sourceTree = "<group>";
		};
		CEC2C75B2DB1517B0043FAEB = {
			isa = PBXGroup;
			children = (
				CE25B36B2DE68D9500F0F7EA /* SommLens */,
				CEC2C77E2DB1517C0043FAEB /* SommLensTests */,
				CEC2C7882DB1517C0043FAEB /* SommLensUITests */,
				CEC2C8152DB95BFF0043FAEB /* SommLens.app */,
				CEC2C8162DB95BFF0043FAEB /* SommLensTests.xctest */,
				CEC2C8172DB95BFF0043FAEB /* SommLensUITests.xctest */,
				09A9EA84C4CE08A1BC57F44E /* Frameworks */,
			);
			sourceTree = "<group>";
		};
/* End PBXGroup section */

/* Begin PBXNativeTarget section */
		CEC2C7632DB1517B0043FAEB /* SommLens */ = {
			isa = PBXNativeTarget;
			buildConfigurationList = CEC2C78E2DB1517C0043FAEB /* Build configuration list for PBXNativeTarget "SommLens" */;
			buildPhases = (
				CEC2C7602DB1517B0043FAEB /* Sources */,
				CEC2C7612DB1517B0043FAEB /* Frameworks */,
				CEC2C7622DB1517B0043FAEB /* Resources */,
			);
			buildRules = (
			);
			dependencies = (
			);
			name = SommLens;
			productName = SommLens;
			productReference = CEC2C8152DB95BFF0043FAEB /* SommLens.app */;
			productType = "com.apple.product-type.application";
		};
		CEC2C77A2DB1517C0043FAEB /* SommLensTests */ = {
			isa = PBXNativeTarget;
			buildConfigurationList = CEC2C7932DB1517C0043FAEB /* Build configuration list for PBXNativeTarget "SommLensTests" */;
			buildPhases = (
				CEC2C7772DB1517C0043FAEB /* Sources */,
				CEC2C7782DB1517C0043FAEB /* Frameworks */,
				CEC2C7792DB1517C0043FAEB /* Resources */,
			);
			buildRules = (
			);
			dependencies = (
				CEC2C77D2DB1517C0043FAEB /* PBXTargetDependency */,
			);
			fileSystemSynchronizedGroups = (
				CEC2C77E2DB1517C0043FAEB /* SommLensTests */,
			);
			name = SommLensTests;
			productName = SommLensTests;
			productReference = CEC2C8162DB95BFF0043FAEB /* SommLensTests.xctest */;
			productType = "com.apple.product-type.bundle.unit-test";
		};
		CEC2C7842DB1517C0043FAEB /* SommLensUITests */ = {
			isa = PBXNativeTarget;
			buildConfigurationList = CEC2C7962DB1517C0043FAEB /* Build configuration list for PBXNativeTarget "SommLensUITests" */;
			buildPhases = (
				CEC2C7812DB1517C0043FAEB /* Sources */,
				CEC2C7822DB1517C0043FAEB /* Frameworks */,
				CEC2C7832DB1517C0043FAEB /* Resources */,
			);
			buildRules = (
			);
			dependencies = (
				CEC2C7872DB1517C0043FAEB /* PBXTargetDependency */,
			);
			fileSystemSynchronizedGroups = (
				CEC2C7882DB1517C0043FAEB /* SommLensUITests */,
			);
			name = SommLensUITests;
			productName = SommLensUITests;
			productReference = CEC2C8172DB95BFF0043FAEB /* SommLensUITests.xctest */;
			productType = "com.apple.product-type.bundle.ui-testing";
		};
/* End PBXNativeTarget section */

/* Begin PBXProject section */
		CEC2C75C2DB1517B0043FAEB /* Project object */ = {
			isa = PBXProject;
			attributes = {
				BuildIndependentTargetsInParallel = 1;
				LastSwiftUpdateCheck = 1610;
				LastUpgradeCheck = 1610;
				TargetAttributes = {
					CEC2C7632DB1517B0043FAEB = {
						CreatedOnToolsVersion = 16.1;
						LastSwiftMigration = 1610;
					};
					CEC2C77A2DB1517C0043FAEB = {
						CreatedOnToolsVersion = 16.1;
						TestTargetID = CEC2C7632DB1517B0043FAEB;
					};
					CEC2C7842DB1517C0043FAEB = {
						CreatedOnToolsVersion = 16.1;
						TestTargetID = CEC2C7632DB1517B0043FAEB;
					};
				};
			};
			buildConfigurationList = CEC2C75F2DB1517B0043FAEB /* Build configuration list for PBXProject "SommLens" */;
			developmentRegion = en;
			hasScannedForEncodings = 0;
			knownRegions = (
				en,
				Base,
			);
			mainGroup = CEC2C75B2DB1517B0043FAEB;
			minimizedProjectReferenceProxies = 1;
			preferredProjectObjectVersion = 77;
			productRefGroup = CEC2C75B2DB1517B0043FAEB;
			projectDirPath = "";
			projectRoot = "";
			targets = (
				CEC2C7632DB1517B0043FAEB /* SommLens */,
				CEC2C77A2DB1517C0043FAEB /* SommLensTests */,
				CEC2C7842DB1517C0043FAEB /* SommLensUITests */,
			);
		};
/* End PBXProject section */

/* Begin PBXResourcesBuildPhase section */
		CEC2C7622DB1517B0043FAEB /* Resources */ = {
			isa = PBXResourcesBuildPhase;
			buildActionMask = 2147483647;
			files = (
			);
			runOnlyForDeploymentPostprocessing = 0;
		};
		CEC2C7792DB1517C0043FAEB /* Resources */ = {
			isa = PBXResourcesBuildPhase;
			buildActionMask = 2147483647;
			files = (
			);
			runOnlyForDeploymentPostprocessing = 0;
		};
		CEC2C7832DB1517C0043FAEB /* Resources */ = {
			isa = PBXResourcesBuildPhase;
			buildActionMask = 2147483647;
			files = (
			);
			runOnlyForDeploymentPostprocessing = 0;
		};
/* End PBXResourcesBuildPhase section */

/* Begin PBXSourcesBuildPhase section */
		CEC2C7602DB1517B0043FAEB /* Sources */ = {
			isa = PBXSourcesBuildPhase;
			buildActionMask = 2147483647;
			files = (
			);
			runOnlyForDeploymentPostprocessing = 0;
		};
		CEC2C7772DB1517C0043FAEB /* Sources */ = {
			isa = PBXSourcesBuildPhase;
			buildActionMask = 2147483647;
			files = (
			);
			runOnlyForDeploymentPostprocessing = 0;
		};
		CEC2C7812DB1517C0043FAEB /* Sources */ = {
			isa = PBXSourcesBuildPhase;
			buildActionMask = 2147483647;
			files = (
			);
			runOnlyForDeploymentPostprocessing = 0;
		};
/* End PBXSourcesBuildPhase section */

/* Begin PBXTargetDependency section */
		CEC2C77D2DB1517C0043FAEB /* PBXTargetDependency */ = {
			isa = PBXTargetDependency;
			target = CEC2C7632DB1517B0043FAEB /* SommLens */;
			targetProxy = CEC2C77C2DB1517C0043FAEB /* PBXContainerItemProxy */;
		};
		CEC2C7872DB1517C0043FAEB /* PBXTargetDependency */ = {
			isa = PBXTargetDependency;
			target = CEC2C7632DB1517B0043FAEB /* SommLens */;
			targetProxy = CEC2C7862DB1517C0043FAEB /* PBXContainerItemProxy */;
		};
/* End PBXTargetDependency section */

/* Begin XCBuildConfiguration section */
		CEC2C78F2DB1517C0043FAEB /* Debug */ = {
			isa = XCBuildConfiguration;
			buildSettings = {
				ASSETCATALOG_COMPILER_APPICON_NAME = AppIcon;
				ASSETCATALOG_COMPILER_GLOBAL_ACCENT_COLOR_NAME = AccentColor;
				CLANG_ENABLE_MODULES = YES;
				CODE_SIGN_ENTITLEMENTS = SommLens/SommLens.entitlements;
				CODE_SIGN_STYLE = Automatic;
				CURRENT_PROJECT_VERSION = 1;
				DEVELOPMENT_TEAM = 7BWDUC2WMW;
				ENABLE_PREVIEWS = YES;
				GENERATE_INFOPLIST_FILE = YES;
				INFOPLIST_FILE = SommLens/Info.plist;
				INFOPLIST_KEY_CFBundleDisplayName = SommLens;
				INFOPLIST_KEY_NSCameraUsageDescription = "This app uses the camera to scan wine labels in augmented reality.";
				INFOPLIST_KEY_UIApplicationSceneManifest_Generation = YES;
				INFOPLIST_KEY_UIApplicationSupportsIndirectInputEvents = YES;
				INFOPLIST_KEY_UILaunchScreen_Generation = YES;
				INFOPLIST_KEY_UISupportedInterfaceOrientations = UIInterfaceOrientationPortrait;
				LD_RUNPATH_SEARCH_PATHS = (
					"$(inherited)",
					"@executable_path/Frameworks",
				);
				MARKETING_VERSION = 1.0;
				PRODUCT_BUNDLE_IDENTIFIER = com.vinobytes.SommLens;
				PRODUCT_NAME = "$(TARGET_NAME)";
				SUPPORTED_PLATFORMS = "iphoneos iphonesimulator";
				SUPPORTS_MACCATALYST = NO;
				SUPPORTS_MAC_DESIGNED_FOR_IPHONE_IPAD = NO;
				SUPPORTS_XR_DESIGNED_FOR_IPHONE_IPAD = NO;
				SWIFT_EMIT_LOC_STRINGS = YES;
				SWIFT_OPTIMIZATION_LEVEL = "-Onone";
				SWIFT_VERSION = 5.0;
				TARGETED_DEVICE_FAMILY = 1;
			};
			name = Debug;
		};
		CEC2C7902DB1517C0043FAEB /* Release */ = {
			isa = XCBuildConfiguration;
			buildSettings = {
				ASSETCATALOG_COMPILER_APPICON_NAME = AppIcon;
				ASSETCATALOG_COMPILER_GLOBAL_ACCENT_COLOR_NAME = AccentColor;
				CLANG_ENABLE_MODULES = YES;
				CODE_SIGN_ENTITLEMENTS = SommLens/SommLens.entitlements;
				CODE_SIGN_STYLE = Automatic;
				CURRENT_PROJECT_VERSION = 1;
				DEVELOPMENT_TEAM = 7BWDUC2WMW;
				ENABLE_PREVIEWS = YES;
				GENERATE_INFOPLIST_FILE = YES;
				INFOPLIST_FILE = SommLens/Info.plist;
				INFOPLIST_KEY_CFBundleDisplayName = SommLens;
				INFOPLIST_KEY_NSCameraUsageDescription = "This app uses the camera to scan wine labels in augmented reality.";
				INFOPLIST_KEY_UIApplicationSceneManifest_Generation = YES;
				INFOPLIST_KEY_UIApplicationSupportsIndirectInputEvents = YES;
				INFOPLIST_KEY_UILaunchScreen_Generation = YES;
				INFOPLIST_KEY_UISupportedInterfaceOrientations = UIInterfaceOrientationPortrait;
				LD_RUNPATH_SEARCH_PATHS = (
					"$(inherited)",
					"@executable_path/Frameworks",
				);
				MARKETING_VERSION = 1.0;
				PRODUCT_BUNDLE_IDENTIFIER = com.vinobytes.SommLens;
				PRODUCT_NAME = "$(TARGET_NAME)";
				SUPPORTED_PLATFORMS = "iphoneos iphonesimulator";
				SUPPORTS_MACCATALYST = NO;
				SUPPORTS_MAC_DESIGNED_FOR_IPHONE_IPAD = NO;
				SUPPORTS_XR_DESIGNED_FOR_IPHONE_IPAD = NO;
				SWIFT_EMIT_LOC_STRINGS = YES;
				SWIFT_VERSION = 5.0;
				TARGETED_DEVICE_FAMILY = 1;
			};
			name = Release;
		};
		CEC2C7912DB1517C0043FAEB /* Debug */ = {
			isa = XCBuildConfiguration;
			buildSettings = {
				ALWAYS_SEARCH_USER_PATHS = NO;
				ASSETCATALOG_COMPILER_GENERATE_SWIFT_ASSET_SYMBOL_EXTENSIONS = YES;
				CLANG_ANALYZER_NONNULL = YES;
				CLANG_ANALYZER_NUMBER_OBJECT_CONVERSION = YES_AGGRESSIVE;
				CLANG_CXX_LANGUAGE_STANDARD = "gnu++20";
				CLANG_ENABLE_MODULES = YES;
				CLANG_ENABLE_OBJC_ARC = YES;
				CLANG_ENABLE_OBJC_WEAK = YES;
				CLANG_WARN_BLOCK_CAPTURE_AUTORELEASING = YES;
				CLANG_WARN_BOOL_CONVERSION = YES;
				CLANG_WARN_COMMA = YES;
				CLANG_WARN_CONSTANT_CONVERSION = YES;
				CLANG_WARN_DEPRECATED_OBJC_IMPLEMENTATIONS = YES;
				CLANG_WARN_DIRECT_OBJC_ISA_USAGE = YES_ERROR;
				CLANG_WARN_DOCUMENTATION_COMMENTS = YES;
				CLANG_WARN_EMPTY_BODY = YES;
				CLANG_WARN_ENUM_CONVERSION = YES;
				CLANG_WARN_INFINITE_RECURSION = YES;
				CLANG_WARN_INT_CONVERSION = YES;
				CLANG_WARN_NON_LITERAL_NULL_CONVERSION = YES;
				CLANG_WARN_OBJC_IMPLICIT_RETAIN_SELF = YES;
				CLANG_WARN_OBJC_LITERAL_CONVERSION = YES;
				CLANG_WARN_OBJC_ROOT_CLASS = YES_ERROR;
				CLANG_WARN_QUOTED_INCLUDE_IN_FRAMEWORK_HEADER = NO;
				CLANG_WARN_RANGE_LOOP_ANALYSIS = YES;
				CLANG_WARN_STRICT_PROTOTYPES = YES;
				CLANG_WARN_SUSPICIOUS_MOVE = YES;
				CLANG_WARN_UNGUARDED_AVAILABILITY = YES_AGGRESSIVE;
				CLANG_WARN_UNREACHABLE_CODE = YES;
				CLANG_WARN__DUPLICATE_METHOD_MATCH = YES;
				COPY_PHASE_STRIP = NO;
				DEBUG_INFORMATION_FORMAT = dwarf;
				ENABLE_STRICT_OBJC_MSGSEND = YES;
				ENABLE_TESTABILITY = YES;
				ENABLE_USER_SCRIPT_SANDBOXING = NO;
				GCC_C_LANGUAGE_STANDARD = gnu17;
				GCC_DYNAMIC_NO_PIC = NO;
				GCC_NO_COMMON_BLOCKS = YES;
				GCC_OPTIMIZATION_LEVEL = 0;
				GCC_PREPROCESSOR_DEFINITIONS = (
					"DEBUG=1",
					"$(inherited)",
				);
				GCC_TREAT_WARNINGS_AS_ERRORS = NO;
				GCC_WARN_64_TO_32_BIT_CONVERSION = YES;
				GCC_WARN_ABOUT_RETURN_TYPE = YES_ERROR;
				GCC_WARN_UNDECLARED_SELECTOR = YES;
				GCC_WARN_UNINITIALIZED_AUTOS = YES_AGGRESSIVE;
				GCC_WARN_UNUSED_FUNCTION = YES;
				GCC_WARN_UNUSED_VARIABLE = YES;
				IPHONEOS_DEPLOYMENT_TARGET = 17.0;
				LOCALIZATION_PREFERS_STRING_CATALOGS = YES;
				MTL_ENABLE_DEBUG_INFO = INCLUDE_SOURCE;
				MTL_FAST_MATH = YES;
				ONLY_ACTIVE_ARCH = YES;
				SDKROOT = iphoneos;
				SWIFT_ACTIVE_COMPILATION_CONDITIONS = "DEBUG $(inherited)";
				SWIFT_OPTIMIZATION_LEVEL = "-Onone";
			};
			name = Debug;
		};
		CEC2C7922DB1517C0043FAEB /* Release */ = {
			isa = XCBuildConfiguration;
			buildSettings = {
				ALWAYS_SEARCH_USER_PATHS = NO;
				ASSETCATALOG_COMPILER_GENERATE_SWIFT_ASSET_SYMBOL_EXTENSIONS = YES;
				CLANG_ANALYZER_NONNULL = YES;
				CLANG_ANALYZER_NUMBER_OBJECT_CONVERSION = YES_AGGRESSIVE;
				CLANG_CXX_LANGUAGE_STANDARD = "gnu++20";
				CLANG_ENABLE_MODULES = YES;
				CLANG_ENABLE_OBJC_ARC = YES;
				CLANG_ENABLE_OBJC_WEAK = YES;
				CLANG_WARN_BLOCK_CAPTURE_AUTORELEASING = YES;
				CLANG_WARN_BOOL_CONVERSION = YES;
				CLANG_WARN_COMMA = YES;
				CLANG_WARN_CONSTANT_CONVERSION = YES;
				CLANG_WARN_DEPRECATED_OBJC_IMPLEMENTATIONS = YES;
				CLANG_WARN_DIRECT_OBJC_ISA_USAGE = YES_ERROR;
				CLANG_WARN_DOCUMENTATION_COMMENTS = YES;
				CLANG_WARN_EMPTY_BODY = YES;
				CLANG_WARN_ENUM_CONVERSION = YES;
				CLANG_WARN_INFINITE_RECURSION = YES;
				CLANG_WARN_INT_CONVERSION = YES;
				CLANG_WARN_NON_LITERAL_NULL_CONVERSION = YES;
				CLANG_WARN_OBJC_IMPLICIT_RETAIN_SELF = YES;
				CLANG_WARN_OBJC_LITERAL_CONVERSION = YES;
				CLANG_WARN_OBJC_ROOT_CLASS = YES_ERROR;
				CLANG_WARN_QUOTED_INCLUDE_IN_FRAMEWORK_HEADER = NO;
				CLANG_WARN_RANGE_LOOP_ANALYSIS = YES;
				CLANG_WARN_STRICT_PROTOTYPES = YES;
				CLANG_WARN_SUSPICIOUS_MOVE = YES;
				CLANG_WARN_UNGUARDED_AVAILABILITY = YES_AGGRESSIVE;
				CLANG_WARN_UNREACHABLE_CODE = YES;
				CLANG_WARN__DUPLICATE_METHOD_MATCH = YES;
				COPY_PHASE_STRIP = NO;
				DEBUG_INFORMATION_FORMAT = "dwarf-with-dsym";
				ENABLE_NS_ASSERTIONS = NO;
				ENABLE_STRICT_OBJC_MSGSEND = YES;
				ENABLE_USER_SCRIPT_SANDBOXING = NO;
				GCC_C_LANGUAGE_STANDARD = gnu17;
				GCC_NO_COMMON_BLOCKS = YES;
				GCC_TREAT_WARNINGS_AS_ERRORS = NO;
				GCC_WARN_64_TO_32_BIT_CONVERSION = YES;
				GCC_WARN_ABOUT_RETURN_TYPE = YES_ERROR;
				GCC_WARN_UNDECLARED_SELECTOR = YES;
				GCC_WARN_UNINITIALIZED_AUTOS = YES_AGGRESSIVE;
				GCC_WARN_UNUSED_FUNCTION = YES;
				GCC_WARN_UNUSED_VARIABLE = YES;
				IPHONEOS_DEPLOYMENT_TARGET = 17.0;
				LOCALIZATION_PREFERS_STRING_CATALOGS = YES;
				MTL_ENABLE_DEBUG_INFO = NO;
				MTL_FAST_MATH = YES;
				SDKROOT = iphoneos;
				SWIFT_COMPILATION_MODE = wholemodule;
				VALIDATE_PRODUCT = YES;
			};
			name = Release;
		};
		CEC2C7942DB1517C0043FAEB /* Debug */ = {
			isa = XCBuildConfiguration;
			buildSettings = {
				BUNDLE_LOADER = "$(TEST_HOST)";
				CODE_SIGN_STYLE = Automatic;
				CURRENT_PROJECT_VERSION = 1;
				DEVELOPMENT_TEAM = 7BWDUC2WMW;
				GENERATE_INFOPLIST_FILE = YES;
				IPHONEOS_DEPLOYMENT_TARGET = 18.1;
				MARKETING_VERSION = 1.0;
				PRODUCT_BUNDLE_IDENTIFIER = com.vinobytes.SommLensTests;
				PRODUCT_NAME = "$(TARGET_NAME)";
				SWIFT_EMIT_LOC_STRINGS = NO;
				SWIFT_VERSION = 5.0;
				TARGETED_DEVICE_FAMILY = "1,2";
				TEST_HOST = "$(BUILT_PRODUCTS_DIR)/SommLens.app/$(BUNDLE_EXECUTABLE_FOLDER_PATH)/SommLens";
			};
			name = Debug;
		};
		CEC2C7952DB1517C0043FAEB /* Release */ = {
			isa = XCBuildConfiguration;
			buildSettings = {
				BUNDLE_LOADER = "$(TEST_HOST)";
				CODE_SIGN_STYLE = Automatic;
				CURRENT_PROJECT_VERSION = 1;
				DEVELOPMENT_TEAM = 7BWDUC2WMW;
				GENERATE_INFOPLIST_FILE = YES;
				IPHONEOS_DEPLOYMENT_TARGET = 18.1;
				MARKETING_VERSION = 1.0;
				PRODUCT_BUNDLE_IDENTIFIER = com.vinobytes.SommLensTests;
				PRODUCT_NAME = "$(TARGET_NAME)";
				SWIFT_EMIT_LOC_STRINGS = NO;
				SWIFT_VERSION = 5.0;
				TARGETED_DEVICE_FAMILY = "1,2";
				TEST_HOST = "$(BUILT_PRODUCTS_DIR)/SommLens.app/$(BUNDLE_EXECUTABLE_FOLDER_PATH)/SommLens";
			};
			name = Release;
		};
		CEC2C7972DB1517C0043FAEB /* Debug */ = {
			isa = XCBuildConfiguration;
			buildSettings = {
				CODE_SIGN_STYLE = Automatic;
				CURRENT_PROJECT_VERSION = 1;
				DEVELOPMENT_TEAM = 7BWDUC2WMW;
				GENERATE_INFOPLIST_FILE = YES;
				MARKETING_VERSION = 1.0;
				PRODUCT_BUNDLE_IDENTIFIER = com.vinobytes.SommLensUITests;
				PRODUCT_NAME = "$(TARGET_NAME)";
				SWIFT_EMIT_LOC_STRINGS = NO;
				SWIFT_VERSION = 5.0;
				TARGETED_DEVICE_FAMILY = "1,2";
				TEST_TARGET_NAME = SommLens;
			};
			name = Debug;
		};
		CEC2C7982DB1517C0043FAEB /* Release */ = {
			isa = XCBuildConfiguration;
			buildSettings = {
				CODE_SIGN_STYLE = Automatic;
				CURRENT_PROJECT_VERSION = 1;
				DEVELOPMENT_TEAM = 7BWDUC2WMW;
				GENERATE_INFOPLIST_FILE = YES;
				MARKETING_VERSION = 1.0;
				PRODUCT_BUNDLE_IDENTIFIER = com.vinobytes.SommLensUITests;
				PRODUCT_NAME = "$(TARGET_NAME)";
				SWIFT_EMIT_LOC_STRINGS = NO;
				SWIFT_VERSION = 5.0;
				TARGETED_DEVICE_FAMILY = "1,2";
				TEST_TARGET_NAME = SommLens;
			};
			name = Release;
		};
/* End XCBuildConfiguration section */

/* Begin XCConfigurationList section */
		CEC2C75F2DB1517B0043FAEB /* Build configuration list for PBXProject "SommLens" */ = {
			isa = XCConfigurationList;
			buildConfigurations = (
				CEC2C7912DB1517C0043FAEB /* Debug */,
				CEC2C7922DB1517C0043FAEB /* Release */,
			);
			defaultConfigurationIsVisible = 0;
			defaultConfigurationName = Release;
		};
		CEC2C78E2DB1517C0043FAEB /* Build configuration list for PBXNativeTarget "SommLens" */ = {
			isa = XCConfigurationList;
			buildConfigurations = (
				CEC2C78F2DB1517C0043FAEB /* Debug */,
				CEC2C7902DB1517C0043FAEB /* Release */,
			);
			defaultConfigurationIsVisible = 0;
			defaultConfigurationName = Release;
		};
		CEC2C7932DB1517C0043FAEB /* Build configuration list for PBXNativeTarget "SommLensTests" */ = {
			isa = XCConfigurationList;
			buildConfigurations = (
				CEC2C7942DB1517C0043FAEB /* Debug */,
				CEC2C7952DB1517C0043FAEB /* Release */,
			);
			defaultConfigurationIsVisible = 0;
			defaultConfigurationName = Release;
		};
		CEC2C7962DB1517C0043FAEB /* Build configuration list for PBXNativeTarget "SommLensUITests" */ = {
			isa = XCConfigurationList;
			buildConfigurations = (
				CEC2C7972DB1517C0043FAEB /* Debug */,
				CEC2C7982DB1517C0043FAEB /* Release */,
			);
			defaultConfigurationIsVisible = 0;
			defaultConfigurationName = Release;
		};
/* End XCConfigurationList section */
	};
	rootObject = CEC2C75C2DB1517B0043FAEB /* Project object */;
}
